Microsoft Visual Studio Solution File, Format Version 11.00
# Visual Studio 2008

Project("{AAFC293C-3AB2-9720-C549-1B195ADBCE84}") = "PFCGoniometro", "Assembly-CSharp-firstpass-vs.csproj", "{7EBDA63D-C15C-7D3B-9B84-7885025C9B0D}"
EndProject
Project("{AAFC293C-3AB2-9720-C549-1B195ADBCE84}") = "PFCGoniometro", "Assembly-CSharp-vs.csproj", "{3BA756AA-E6F8-1163-5496-84DAC79555A3}"
EndProject
Project("{AAFC293C-3AB2-9720-C549-1B195ADBCE84}") = "PFCGoniometro", "Assembly-CSharp-Editor-vs.csproj", "{50E5C82F-4BF4-772E-F5F4-8E221FEFEDB6}"
EndProject
Global
	GlobalSection(SolutionConfigurationPlatforms) = preSolution
		Debug|Any CPU = Debug|Any CPU
		Release|Any CPU = Release|Any CPU
	EndGlobalSection
	GlobalSection(ProjectConfigurationPlatforms) = postSolution
		{7EBDA63D-C15C-7D3B-9B84-7885025C9B0D}.Debug|Any CPU.ActiveCfg = Debug|Any CPU
		{7EBDA63D-C15C-7D3B-9B84-7885025C9B0D}.Debug|Any CPU.Build.0 = Debug|Any CPU
		{7EBDA63D-C15C-7D3B-9B84-7885025C9B0D}.Release|Any CPU.ActiveCfg = Release|Any CPU
		{7EBDA63D-C15C-7D3B-9B84-7885025C9B0D}.Release|Any CPU.Build.0 = Release|Any CPU
		{3BA756AA-E6F8-1163-5496-84DAC79555A3}.Debug|Any CPU.ActiveCfg = Debug|Any CPU
		{3BA756AA-E6F8-1163-5496-84DAC79555A3}.Debug|Any CPU.Build.0 = Debug|Any CPU
		{3BA756AA-E6F8-1163-5496-84DAC79555A3}.Release|Any CPU.ActiveCfg = Release|Any CPU
		{3BA756AA-E6F8-1163-5496-84DAC79555A3}.Release|Any CPU.Build.0 = Release|Any CPU
		{50E5C82F-4BF4-772E-F5F4-8E221FEFEDB6}.Debug|Any CPU.ActiveCfg = Debug|Any CPU
		{50E5C82F-4BF4-772E-F5F4-8E221FEFEDB6}.Debug|Any CPU.Build.0 = Debug|Any CPU
		{50E5C82F-4BF4-772E-F5F4-8E221FEFEDB6}.Release|Any CPU.ActiveCfg = Release|Any CPU
		{50E5C82F-4BF4-772E-F5F4-8E221FEFEDB6}.Release|Any CPU.Build.0 = Release|Any CPU
	EndGlobalSection
	GlobalSection(SolutionProperties) = preSolution
		HideSolutionNode = FALSE
	EndGlobalSection
																																																																																																																																																																																GlobalSection(MonoDevelopProperties) = preSolution
		StartupItem = Assembly-CSharp.csproj
		Policies = $0
		$0.TextStylePolicy = $1
		$1.inheritsSet = null
		$1.scope = text/x-csharp
		$0.CSharpFormattingPolicy = $2
		$2.inheritsSet = Mono
		$2.inheritsScope = text/x-csharp
		$2.scope = text/x-csharp
		$0.TextStylePolicy = $3
		$3.FileWidth = 120
		$3.TabWidth = 4
		$3.EolMarker = Unix
		$3.inheritsSet = Mono
		$3.inheritsScope = text/plain
		$3.scope = text/plain
		GlobalSection(MonoDevelopProperties) = preSolution
		GlobalSection(MonoDevelopProperties) = preSolution
	EndGlobalSection

EndGlobal
